// !$*UTF8*$!
{
	archiveVersion = 1;
	classes = {
	};
	objectVersion = 51;
	objects = {

/* Begin PBXBuildFile section */
		52AC10AFF061B2B99D3B516C /* Pods_Parstagram_ParstagramUITests.framework in Frameworks */ = {isa = PBXBuildFile; fileRef = 3F0FD8F4311CC9B8C3E4B616 /* Pods_Parstagram_ParstagramUITests.framework */; };
		A82A75C2D5DA825DEAAB1FAE /* Pods_Parstagram.framework in Frameworks */ = {isa = PBXBuildFile; fileRef = 006B6B65EE5C1D509280F3A8 /* Pods_Parstagram.framework */; };
		D854DE1DDC528C26BDC9F59D /* Pods_ParstagramTests.framework in Frameworks */ = {isa = PBXBuildFile; fileRef = 7BAF960087699A645D331274 /* Pods_ParstagramTests.framework */; };
		EF2AD784256A5C20007C292A /* CommentCell.swift in Sources */ = {isa = PBXBuildFile; fileRef = EF2AD783256A5C20007C292A /* CommentCell.swift */; };
		EF41389F255F42D900DF365D /* PostCell.swift in Sources */ = {isa = PBXBuildFile; fileRef = EF41389E255F42D900DF365D /* PostCell.swift */; };
		EFD4D63D255B484D0047706D /* AppDelegate.swift in Sources */ = {isa = PBXBuildFile; fileRef = EFD4D63C255B484D0047706D /* AppDelegate.swift */; };
		EFD4D63F255B484D0047706D /* SceneDelegate.swift in Sources */ = {isa = PBXBuildFile; fileRef = EFD4D63E255B484D0047706D /* SceneDelegate.swift */; };
		EFD4D644255B484D0047706D /* Main.storyboard in Resources */ = {isa = PBXBuildFile; fileRef = EFD4D642255B484D0047706D /* Main.storyboard */; };
		EFD4D646255B484F0047706D /* Assets.xcassets in Resources */ = {isa = PBXBuildFile; fileRef = EFD4D645255B484F0047706D /* Assets.xcassets */; };
		EFD4D649255B484F0047706D /* LaunchScreen.storyboard in Resources */ = {isa = PBXBuildFile; fileRef = EFD4D647255B484F0047706D /* LaunchScreen.storyboard */; };
		EFD4D654255B48500047706D /* ParstagramTests.swift in Sources */ = {isa = PBXBuildFile; fileRef = EFD4D653255B48500047706D /* ParstagramTests.swift */; };
		EFD4D65F255B48500047706D /* ParstagramUITests.swift in Sources */ = {isa = PBXBuildFile; fileRef = EFD4D65E255B48500047706D /* ParstagramUITests.swift */; };
		EFF661A8255B4B2A00D28C45 /* FeedViewController.swift in Sources */ = {isa = PBXBuildFile; fileRef = EFF661A7255B4B2A00D28C45 /* FeedViewController.swift */; };
		EFF661AA255B4B5D00D28C45 /* LoginViewController.swift in Sources */ = {isa = PBXBuildFile; fileRef = EFF661A9255B4B5D00D28C45 /* LoginViewController.swift */; };
		EFF661AC255B55A400D28C45 /* CameraViewController.swift in Sources */ = {isa = PBXBuildFile; fileRef = EFF661AB255B55A400D28C45 /* CameraViewController.swift */; };
/* End PBXBuildFile section */

/* Begin PBXContainerItemProxy section */
		EFD4D650255B48500047706D /* PBXContainerItemProxy */ = {
			isa = PBXContainerItemProxy;
			containerPortal = EFD4D631255B484D0047706D /* Project object */;
			proxyType = 1;
			remoteGlobalIDString = EFD4D638255B484D0047706D;
			remoteInfo = Parstagram;
		};
		EFD4D65B255B48500047706D /* PBXContainerItemProxy */ = {
			isa = PBXContainerItemProxy;
			containerPortal = EFD4D631255B484D0047706D /* Project object */;
			proxyType = 1;
			remoteGlobalIDString = EFD4D638255B484D0047706D;
			remoteInfo = Parstagram;
		};
/* End PBXContainerItemProxy section */

/* Begin PBXFileReference section */
		006B6B65EE5C1D509280F3A8 /* Pods_Parstagram.framework */ = {isa = PBXFileReference; explicitFileType = wrapper.framework; includeInIndex = 0; path = Pods_Parstagram.framework; sourceTree = BUILT_PRODUCTS_DIR; };
		1F609EE814136C43D6552B3C /* Pods-ParstagramTests.debug.xcconfig */ = {isa = PBXFileReference; includeInIndex = 1; lastKnownFileType = text.xcconfig; name = "Pods-ParstagramTests.debug.xcconfig"; path = "Target Support Files/Pods-ParstagramTests/Pods-ParstagramTests.debug.xcconfig"; sourceTree = "<group>"; };
		36281E54BC8ECC79227CBFE5 /* Pods-ParstagramTests.release.xcconfig */ = {isa = PBXFileReference; includeInIndex = 1; lastKnownFileType = text.xcconfig; name = "Pods-ParstagramTests.release.xcconfig"; path = "Target Support Files/Pods-ParstagramTests/Pods-ParstagramTests.release.xcconfig"; sourceTree = "<group>"; };
		38C109831BF1FA351F1C8D53 /* Pods-Parstagram-ParstagramUITests.release.xcconfig */ = {isa = PBXFileReference; includeInIndex = 1; lastKnownFileType = text.xcconfig; name = "Pods-Parstagram-ParstagramUITests.release.xcconfig"; path = "Target Support Files/Pods-Parstagram-ParstagramUITests/Pods-Parstagram-ParstagramUITests.release.xcconfig"; sourceTree = "<group>"; };
		3F0FD8F4311CC9B8C3E4B616 /* Pods_Parstagram_ParstagramUITests.framework */ = {isa = PBXFileReference; explicitFileType = wrapper.framework; includeInIndex = 0; path = Pods_Parstagram_ParstagramUITests.framework; sourceTree = BUILT_PRODUCTS_DIR; };
		6A90EDD95455198690A56CD8 /* Pods-Parstagram.debug.xcconfig */ = {isa = PBXFileReference; includeInIndex = 1; lastKnownFileType = text.xcconfig; name = "Pods-Parstagram.debug.xcconfig"; path = "Target Support Files/Pods-Parstagram/Pods-Parstagram.debug.xcconfig"; sourceTree = "<group>"; };
		7BAF960087699A645D331274 /* Pods_ParstagramTests.framework */ = {isa = PBXFileReference; explicitFileType = wrapper.framework; includeInIndex = 0; path = Pods_ParstagramTests.framework; sourceTree = BUILT_PRODUCTS_DIR; };
		A8AAC86147D625F4FE83ED66 /* Pods-Parstagram.release.xcconfig */ = {isa = PBXFileReference; includeInIndex = 1; lastKnownFileType = text.xcconfig; name = "Pods-Parstagram.release.xcconfig"; path = "Target Support Files/Pods-Parstagram/Pods-Parstagram.release.xcconfig"; sourceTree = "<group>"; };
		EF2AD783256A5C20007C292A /* CommentCell.swift */ = {isa = PBXFileReference; lastKnownFileType = sourcecode.swift; path = CommentCell.swift; sourceTree = "<group>"; };
		EF41389E255F42D900DF365D /* PostCell.swift */ = {isa = PBXFileReference; lastKnownFileType = sourcecode.swift; path = PostCell.swift; sourceTree = "<group>"; };
		EFD4D639255B484D0047706D /* Parstagram.app */ = {isa = PBXFileReference; explicitFileType = wrapper.application; includeInIndex = 0; path = Parstagram.app; sourceTree = BUILT_PRODUCTS_DIR; };
		EFD4D63C255B484D0047706D /* AppDelegate.swift */ = {isa = PBXFileReference; lastKnownFileType = sourcecode.swift; path = AppDelegate.swift; sourceTree = "<group>"; };
		EFD4D63E255B484D0047706D /* SceneDelegate.swift */ = {isa = PBXFileReference; lastKnownFileType = sourcecode.swift; path = SceneDelegate.swift; sourceTree = "<group>"; };
		EFD4D643255B484D0047706D /* Base */ = {isa = PBXFileReference; lastKnownFileType = file.storyboard; name = Base; path = Base.lproj/Main.storyboard; sourceTree = "<group>"; };
		EFD4D645255B484F0047706D /* Assets.xcassets */ = {isa = PBXFileReference; lastKnownFileType = folder.assetcatalog; path = Assets.xcassets; sourceTree = "<group>"; };
		EFD4D648255B484F0047706D /* Base */ = {isa = PBXFileReference; lastKnownFileType = file.storyboard; name = Base; path = Base.lproj/LaunchScreen.storyboard; sourceTree = "<group>"; };
		EFD4D64A255B484F0047706D /* Info.plist */ = {isa = PBXFileReference; lastKnownFileType = text.plist.xml; path = Info.plist; sourceTree = "<group>"; };
		EFD4D64F255B48500047706D /* ParstagramTests.xctest */ = {isa = PBXFileReference; explicitFileType = wrapper.cfbundle; includeInIndex = 0; path = ParstagramTests.xctest; sourceTree = BUILT_PRODUCTS_DIR; };
		EFD4D653255B48500047706D /* ParstagramTests.swift */ = {isa = PBXFileReference; lastKnownFileType = sourcecode.swift; path = ParstagramTests.swift; sourceTree = "<group>"; };
		EFD4D655255B48500047706D /* Info.plist */ = {isa = PBXFileReference; lastKnownFileType = text.plist.xml; path = Info.plist; sourceTree = "<group>"; };
		EFD4D65A255B48500047706D /* ParstagramUITests.xctest */ = {isa = PBXFileReference; explicitFileType = wrapper.cfbundle; includeInIndex = 0; path = ParstagramUITests.xctest; sourceTree = BUILT_PRODUCTS_DIR; };
		EFD4D65E255B48500047706D /* ParstagramUITests.swift */ = {isa = PBXFileReference; lastKnownFileType = sourcecode.swift; path = ParstagramUITests.swift; sourceTree = "<group>"; };
		EFD4D660255B48500047706D /* Info.plist */ = {isa = PBXFileReference; lastKnownFileType = text.plist.xml; path = Info.plist; sourceTree = "<group>"; };
		EFF661A7255B4B2A00D28C45 /* FeedViewController.swift */ = {isa = PBXFileReference; lastKnownFileType = sourcecode.swift; path = FeedViewController.swift; sourceTree = "<group>"; };
		EFF661A9255B4B5D00D28C45 /* LoginViewController.swift */ = {isa = PBXFileReference; lastKnownFileType = sourcecode.swift; path = LoginViewController.swift; sourceTree = "<group>"; };
		EFF661AB255B55A400D28C45 /* CameraViewController.swift */ = {isa = PBXFileReference; lastKnownFileType = sourcecode.swift; path = CameraViewController.swift; sourceTree = "<group>"; };
		F1B8CFDF83863D9941582DF2 /* Pods-Parstagram-ParstagramUITests.debug.xcconfig */ = {isa = PBXFileReference; includeInIndex = 1; lastKnownFileType = text.xcconfig; name = "Pods-Parstagram-ParstagramUITests.debug.xcconfig"; path = "Target Support Files/Pods-Parstagram-ParstagramUITests/Pods-Parstagram-ParstagramUITests.debug.xcconfig"; sourceTree = "<group>"; };
/* End PBXFileReference section */

/* Begin PBXFrameworksBuildPhase section */
		EFD4D636255B484D0047706D /* Frameworks */ = {
			isa = PBXFrameworksBuildPhase;
			buildActionMask = 2147483647;
			files = (
				A82A75C2D5DA825DEAAB1FAE /* Pods_Parstagram.framework in Frameworks */,
			);
			runOnlyForDeploymentPostprocessing = 0;
		};
		EFD4D64C255B48500047706D /* Frameworks */ = {
			isa = PBXFrameworksBuildPhase;
			buildActionMask = 2147483647;
			files = (
				D854DE1DDC528C26BDC9F59D /* Pods_ParstagramTests.framework in Frameworks */,
			);
			runOnlyForDeploymentPostprocessing = 0;
		};
		EFD4D657255B48500047706D /* Frameworks */ = {
			isa = PBXFrameworksBuildPhase;
			buildActionMask = 2147483647;
			files = (
				52AC10AFF061B2B99D3B516C /* Pods_Parstagram_ParstagramUITests.framework in Frameworks */,
			);
			runOnlyForDeploymentPostprocessing = 0;
		};
/* End PBXFrameworksBuildPhase section */

/* Begin PBXGroup section */
		6BEA73FF81FB3C3FAE45A270 /* Frameworks */ = {
			isa = PBXGroup;
			children = (
				006B6B65EE5C1D509280F3A8 /* Pods_Parstagram.framework */,
				3F0FD8F4311CC9B8C3E4B616 /* Pods_Parstagram_ParstagramUITests.framework */,
				7BAF960087699A645D331274 /* Pods_ParstagramTests.framework */,
			);
			name = Frameworks;
			sourceTree = "<group>";
		};
		E0ADCB46A4FAFE825CDED784 /* Pods */ = {
			isa = PBXGroup;
			children = (
				6A90EDD95455198690A56CD8 /* Pods-Parstagram.debug.xcconfig */,
				A8AAC86147D625F4FE83ED66 /* Pods-Parstagram.release.xcconfig */,
				F1B8CFDF83863D9941582DF2 /* Pods-Parstagram-ParstagramUITests.debug.xcconfig */,
				38C109831BF1FA351F1C8D53 /* Pods-Parstagram-ParstagramUITests.release.xcconfig */,
				1F609EE814136C43D6552B3C /* Pods-ParstagramTests.debug.xcconfig */,
				36281E54BC8ECC79227CBFE5 /* Pods-ParstagramTests.release.xcconfig */,
			);
			path = Pods;
			sourceTree = "<group>";
		};
		EFD4D630255B484D0047706D = {
			isa = PBXGroup;
			children = (
				EFD4D63B255B484D0047706D /* Parstagram */,
				EFD4D652255B48500047706D /* ParstagramTests */,
				EFD4D65D255B48500047706D /* ParstagramUITests */,
				EFD4D63A255B484D0047706D /* Products */,
				E0ADCB46A4FAFE825CDED784 /* Pods */,
				6BEA73FF81FB3C3FAE45A270 /* Frameworks */,
			);
			sourceTree = "<group>";
		};
		EFD4D63A255B484D0047706D /* Products */ = {
			isa = PBXGroup;
			children = (
				EFD4D639255B484D0047706D /* Parstagram.app */,
				EFD4D64F255B48500047706D /* ParstagramTests.xctest */,
				EFD4D65A255B48500047706D /* ParstagramUITests.xctest */,
			);
			name = Products;
			sourceTree = "<group>";
		};
		EFD4D63B255B484D0047706D /* Parstagram */ = {
			isa = PBXGroup;
			children = (
				EFD4D63C255B484D0047706D /* AppDelegate.swift */,
				EFD4D63E255B484D0047706D /* SceneDelegate.swift */,
				EFD4D642255B484D0047706D /* Main.storyboard */,
				EF2AD783256A5C20007C292A /* CommentCell.swift */,
				EF41389E255F42D900DF365D /* PostCell.swift */,
				EFF661AB255B55A400D28C45 /* CameraViewController.swift */,
				EFD4D645255B484F0047706D /* Assets.xcassets */,
				EFD4D647255B484F0047706D /* LaunchScreen.storyboard */,
				EFD4D64A255B484F0047706D /* Info.plist */,
				EFF661A7255B4B2A00D28C45 /* FeedViewController.swift */,
				EFF661A9255B4B5D00D28C45 /* LoginViewController.swift */,
			);
			path = Parstagram;
			sourceTree = "<group>";
		};
		EFD4D652255B48500047706D /* ParstagramTests */ = {
			isa = PBXGroup;
			children = (
				EFD4D653255B48500047706D /* ParstagramTests.swift */,
				EFD4D655255B48500047706D /* Info.plist */,
			);
			path = ParstagramTests;
			sourceTree = "<group>";
		};
		EFD4D65D255B48500047706D /* ParstagramUITests */ = {
			isa = PBXGroup;
			children = (
				EFD4D65E255B48500047706D /* ParstagramUITests.swift */,
				EFD4D660255B48500047706D /* Info.plist */,
			);
			path = ParstagramUITests;
			sourceTree = "<group>";
		};
/* End PBXGroup section */

/* Begin PBXNativeTarget section */
		EFD4D638255B484D0047706D /* Parstagram */ = {
			isa = PBXNativeTarget;
			buildConfigurationList = EFD4D663255B48500047706D /* Build configuration list for PBXNativeTarget "Parstagram" */;
			buildPhases = (
				EAF2446BC02AE2B0ADC82EC7 /* [CP] Check Pods Manifest.lock */,
				EFD4D635255B484D0047706D /* Sources */,
				EFD4D636255B484D0047706D /* Frameworks */,
				EFD4D637255B484D0047706D /* Resources */,
				7204AA8C1EF2134EDB25E0BC /* [CP] Embed Pods Frameworks */,
			);
			buildRules = (
			);
			dependencies = (
			);
			name = Parstagram;
			productName = Parstagram;
			productReference = EFD4D639255B484D0047706D /* Parstagram.app */;
			productType = "com.apple.product-type.application";
		};
		EFD4D64E255B48500047706D /* ParstagramTests */ = {
			isa = PBXNativeTarget;
			buildConfigurationList = EFD4D666255B48500047706D /* Build configuration list for PBXNativeTarget "ParstagramTests" */;
			buildPhases = (
				A6D57FCF7F7999EEFC72E1C5 /* [CP] Check Pods Manifest.lock */,
				EFD4D64B255B48500047706D /* Sources */,
				EFD4D64C255B48500047706D /* Frameworks */,
				EFD4D64D255B48500047706D /* Resources */,
			);
			buildRules = (
			);
			dependencies = (
				EFD4D651255B48500047706D /* PBXTargetDependency */,
			);
			name = ParstagramTests;
			productName = ParstagramTests;
			productReference = EFD4D64F255B48500047706D /* ParstagramTests.xctest */;
			productType = "com.apple.product-type.bundle.unit-test";
		};
		EFD4D659255B48500047706D /* ParstagramUITests */ = {
			isa = PBXNativeTarget;
			buildConfigurationList = EFD4D669255B48500047706D /* Build configuration list for PBXNativeTarget "ParstagramUITests" */;
			buildPhases = (
				A3AC664A5384479D4C3D7B2E /* [CP] Check Pods Manifest.lock */,
				EFD4D656255B48500047706D /* Sources */,
				EFD4D657255B48500047706D /* Frameworks */,
				EFD4D658255B48500047706D /* Resources */,
				CEAEF644E4C65DF5B6F4862F /* [CP] Embed Pods Frameworks */,
			);
			buildRules = (
			);
			dependencies = (
				EFD4D65C255B48500047706D /* PBXTargetDependency */,
			);
			name = ParstagramUITests;
			productName = ParstagramUITests;
			productReference = EFD4D65A255B48500047706D /* ParstagramUITests.xctest */;
			productType = "com.apple.product-type.bundle.ui-testing";
		};
/* End PBXNativeTarget section */

/* Begin PBXProject section */
		EFD4D631255B484D0047706D /* Project object */ = {
			isa = PBXProject;
			attributes = {
				LastSwiftUpdateCheck = 1160;
				LastUpgradeCheck = 1160;
				ORGANIZATIONNAME = "Akhil Murthy";
				TargetAttributes = {
					EFD4D638255B484D0047706D = {
						CreatedOnToolsVersion = 11.6;
					};
					EFD4D64E255B48500047706D = {
						CreatedOnToolsVersion = 11.6;
						TestTargetID = EFD4D638255B484D0047706D;
					};
					EFD4D659255B48500047706D = {
						CreatedOnToolsVersion = 11.6;
						TestTargetID = EFD4D638255B484D0047706D;
					};
				};
			};
			buildConfigurationList = EFD4D634255B484D0047706D /* Build configuration list for PBXProject "Parstagram" */;
			compatibilityVersion = "Xcode 9.3";
			developmentRegion = en;
			hasScannedForEncodings = 0;
			knownRegions = (
				en,
				Base,
			);
			mainGroup = EFD4D630255B484D0047706D;
			productRefGroup = EFD4D63A255B484D0047706D /* Products */;
			projectDirPath = "";
			projectRoot = "";
			targets = (
				EFD4D638255B484D0047706D /* Parstagram */,
				EFD4D64E255B48500047706D /* ParstagramTests */,
				EFD4D659255B48500047706D /* ParstagramUITests */,
			);
		};
/* End PBXProject section */

/* Begin PBXResourcesBuildPhase section */
		EFD4D637255B484D0047706D /* Resources */ = {
			isa = PBXResourcesBuildPhase;
			buildActionMask = 2147483647;
			files = (
				EFD4D649255B484F0047706D /* LaunchScreen.storyboard in Resources */,
				EFD4D646255B484F0047706D /* Assets.xcassets in Resources */,
				EFD4D644255B484D0047706D /* Main.storyboard in Resources */,
			);
			runOnlyForDeploymentPostprocessing = 0;
		};
		EFD4D64D255B48500047706D /* Resources */ = {
			isa = PBXResourcesBuildPhase;
			buildActionMask = 2147483647;
			files = (
			);
			runOnlyForDeploymentPostprocessing = 0;
		};
		EFD4D658255B48500047706D /* Resources */ = {
			isa = PBXResourcesBuildPhase;
			buildActionMask = 2147483647;
			files = (
			);
			runOnlyForDeploymentPostprocessing = 0;
		};
/* End PBXResourcesBuildPhase section */

/* Begin PBXShellScriptBuildPhase section */
		7204AA8C1EF2134EDB25E0BC /* [CP] Embed Pods Frameworks */ = {
			isa = PBXShellScriptBuildPhase;
			buildActionMask = 2147483647;
			files = (
			);
			inputFileListPaths = (
				"${PODS_ROOT}/Target Support Files/Pods-Parstagram/Pods-Parstagram-frameworks-${CONFIGURATION}-input-files.xcfilelist",
			);
			name = "[CP] Embed Pods Frameworks";
			outputFileListPaths = (
				"${PODS_ROOT}/Target Support Files/Pods-Parstagram/Pods-Parstagram-frameworks-${CONFIGURATION}-output-files.xcfilelist",
			);
			runOnlyForDeploymentPostprocessing = 0;
			shellPath = /bin/sh;
			shellScript = "\"${PODS_ROOT}/Target Support Files/Pods-Parstagram/Pods-Parstagram-frameworks.sh\"\n";
			showEnvVarsInLog = 0;
		};
		A3AC664A5384479D4C3D7B2E /* [CP] Check Pods Manifest.lock */ = {
			isa = PBXShellScriptBuildPhase;
			buildActionMask = 2147483647;
			files = (
			);
			inputFileListPaths = (
			);
			inputPaths = (
				"${PODS_PODFILE_DIR_PATH}/Podfile.lock",
				"${PODS_ROOT}/Manifest.lock",
			);
			name = "[CP] Check Pods Manifest.lock";
			outputFileListPaths = (
			);
			outputPaths = (
				"$(DERIVED_FILE_DIR)/Pods-Parstagram-ParstagramUITests-checkManifestLockResult.txt",
			);
			runOnlyForDeploymentPostprocessing = 0;
			shellPath = /bin/sh;
			shellScript = "diff \"${PODS_PODFILE_DIR_PATH}/Podfile.lock\" \"${PODS_ROOT}/Manifest.lock\" > /dev/null\nif [ $? != 0 ] ; then\n    # print error to STDERR\n    echo \"error: The sandbox is not in sync with the Podfile.lock. Run 'pod install' or update your CocoaPods installation.\" >&2\n    exit 1\nfi\n# This output is used by Xcode 'outputs' to avoid re-running this script phase.\necho \"SUCCESS\" > \"${SCRIPT_OUTPUT_FILE_0}\"\n";
			showEnvVarsInLog = 0;
		};
		A6D57FCF7F7999EEFC72E1C5 /* [CP] Check Pods Manifest.lock */ = {
			isa = PBXShellScriptBuildPhase;
			buildActionMask = 2147483647;
			files = (
			);
			inputFileListPaths = (
			);
			inputPaths = (
				"${PODS_PODFILE_DIR_PATH}/Podfile.lock",
				"${PODS_ROOT}/Manifest.lock",
			);
			name = "[CP] Check Pods Manifest.lock";
			outputFileListPaths = (
			);
			outputPaths = (
				"$(DERIVED_FILE_DIR)/Pods-ParstagramTests-checkManifestLockResult.txt",
			);
			runOnlyForDeploymentPostprocessing = 0;
			shellPath = /bin/sh;
			shellScript = "diff \"${PODS_PODFILE_DIR_PATH}/Podfile.lock\" \"${PODS_ROOT}/Manifest.lock\" > /dev/null\nif [ $? != 0 ] ; then\n    # print error to STDERR\n    echo \"error: The sandbox is not in sync with the Podfile.lock. Run 'pod install' or update your CocoaPods installation.\" >&2\n    exit 1\nfi\n# This output is used by Xcode 'outputs' to avoid re-running this script phase.\necho \"SUCCESS\" > \"${SCRIPT_OUTPUT_FILE_0}\"\n";
			showEnvVarsInLog = 0;
		};
		CEAEF644E4C65DF5B6F4862F /* [CP] Embed Pods Frameworks */ = {
			isa = PBXShellScriptBuildPhase;
			buildActionMask = 2147483647;
			files = (
			);
			inputFileListPaths = (
				"${PODS_ROOT}/Target Support Files/Pods-Parstagram-ParstagramUITests/Pods-Parstagram-ParstagramUITests-frameworks-${CONFIGURATION}-input-files.xcfilelist",
			);
			name = "[CP] Embed Pods Frameworks";
			outputFileListPaths = (
				"${PODS_ROOT}/Target Support Files/Pods-Parstagram-ParstagramUITests/Pods-Parstagram-ParstagramUITests-frameworks-${CONFIGURATION}-output-files.xcfilelist",
			);
			runOnlyForDeploymentPostprocessing = 0;
			shellPath = /bin/sh;
			shellScript = "\"${PODS_ROOT}/Target Support Files/Pods-Parstagram-ParstagramUITests/Pods-Parstagram-ParstagramUITests-frameworks.sh\"\n";
			showEnvVarsInLog = 0;
		};
		EAF2446BC02AE2B0ADC82EC7 /* [CP] Check Pods Manifest.lock */ = {
			isa = PBXShellScriptBuildPhase;
			buildActionMask = 2147483647;
			files = (
			);
			inputFileListPaths = (
			);
			inputPaths = (
				"${PODS_PODFILE_DIR_PATH}/Podfile.lock",
				"${PODS_ROOT}/Manifest.lock",
			);
			name = "[CP] Check Pods Manifest.lock";
			outputFileListPaths = (
			);
			outputPaths = (
				"$(DERIVED_FILE_DIR)/Pods-Parstagram-checkManifestLockResult.txt",
			);
			runOnlyForDeploymentPostprocessing = 0;
			shellPath = /bin/sh;
			shellScript = "diff \"${PODS_PODFILE_DIR_PATH}/Podfile.lock\" \"${PODS_ROOT}/Manifest.lock\" > /dev/null\nif [ $? != 0 ] ; then\n    # print error to STDERR\n    echo \"error: The sandbox is not in sync with the Podfile.lock. Run 'pod install' or update your CocoaPods installation.\" >&2\n    exit 1\nfi\n# This output is used by Xcode 'outputs' to avoid re-running this script phase.\necho \"SUCCESS\" > \"${SCRIPT_OUTPUT_FILE_0}\"\n";
			showEnvVarsInLog = 0;
		};
/* End PBXShellScriptBuildPhase section */

/* Begin PBXSourcesBuildPhase section */
		EFD4D635255B484D0047706D /* Sources */ = {
			isa = PBXSourcesBuildPhase;
			buildActionMask = 2147483647;
			files = (
				EFF661AA255B4B5D00D28C45 /* LoginViewController.swift in Sources */,
				EFF661AC255B55A400D28C45 /* CameraViewController.swift in Sources */,
				EFD4D63D255B484D0047706D /* AppDelegate.swift in Sources */,
				EFF661A8255B4B2A00D28C45 /* FeedViewController.swift in Sources */,
				EFD4D63F255B484D0047706D /* SceneDelegate.swift in Sources */,
				EF41389F255F42D900DF365D /* PostCell.swift in Sources */,
				EF2AD784256A5C20007C292A /* CommentCell.swift in Sources */,
			);
			runOnlyForDeploymentPostprocessing = 0;
		};
		EFD4D64B255B48500047706D /* Sources */ = {
			isa = PBXSourcesBuildPhase;
			buildActionMask = 2147483647;
			files = (
				EFD4D654255B48500047706D /* ParstagramTests.swift in Sources */,
			);
			runOnlyForDeploymentPostprocessing = 0;
		};
		EFD4D656255B48500047706D /* Sources */ = {
			isa = PBXSourcesBuildPhase;
			buildActionMask = 2147483647;
			files = (
				EFD4D65F255B48500047706D /* ParstagramUITests.swift in Sources */,
			);
			runOnlyForDeploymentPostprocessing = 0;
		};
/* End PBXSourcesBuildPhase section */

/* Begin PBXTargetDependency section */
		EFD4D651255B48500047706D /* PBXTargetDependency */ = {
			isa = PBXTargetDependency;
			target = EFD4D638255B484D0047706D /* Parstagram */;
			targetProxy = EFD4D650255B48500047706D /* PBXContainerItemProxy */;
		};
		EFD4D65C255B48500047706D /* PBXTargetDependency */ = {
			isa = PBXTargetDependency;
			target = EFD4D638255B484D0047706D /* Parstagram */;
			targetProxy = EFD4D65B255B48500047706D /* PBXContainerItemProxy */;
		};
/* End PBXTargetDependency section */

/* Begin PBXVariantGroup section */
		EFD4D642255B484D0047706D /* Main.storyboard */ = {
			isa = PBXVariantGroup;
			children = (
				EFD4D643255B484D0047706D /* Base */,
			);
			name = Main.storyboard;
			sourceTree = "<group>";
		};
		EFD4D647255B484F0047706D /* LaunchScreen.storyboard */ = {
			isa = PBXVariantGroup;
			children = (
				EFD4D648255B484F0047706D /* Base */,
			);
			name = LaunchScreen.storyboard;
			sourceTree = "<group>";
		};
/* End PBXVariantGroup section */

/* Begin XCBuildConfiguration section */
		EFD4D661255B48500047706D /* Debug */ = {
			isa = XCBuildConfiguration;
			buildSettings = {
				ALWAYS_SEARCH_USER_PATHS = NO;
				CLANG_ANALYZER_NONNULL = YES;
				CLANG_ANALYZER_NUMBER_OBJECT_CONVERSION = YES_AGGRESSIVE;
				CLANG_CXX_LANGUAGE_STANDARD = "gnu++14";
				CLANG_CXX_LIBRARY = "libc++";
				CLANG_ENABLE_MODULES = YES;
				CLANG_ENABLE_OBJC_ARC = YES;
				CLANG_ENABLE_OBJC_WEAK = YES;
				CLANG_WARN_BLOCK_CAPTURE_AUTORELEASING = YES;
				CLANG_WARN_BOOL_CONVERSION = YES;
				CLANG_WARN_COMMA = YES;
				CLANG_WARN_CONSTANT_CONVERSION = YES;
				CLANG_WARN_DEPRECATED_OBJC_IMPLEMENTATIONS = YES;
				CLANG_WARN_DIRECT_OBJC_ISA_USAGE = YES_ERROR;
				CLANG_WARN_DOCUMENTATION_COMMENTS = YES;
				CLANG_WARN_EMPTY_BODY = YES;
				CLANG_WARN_ENUM_CONVERSION = YES;
				CLANG_WARN_INFINITE_RECURSION = YES;
				CLANG_WARN_INT_CONVERSION = YES;
				CLANG_WARN_NON_LITERAL_NULL_CONVERSION = YES;
				CLANG_WARN_OBJC_IMPLICIT_RETAIN_SELF = YES;
				CLANG_WARN_OBJC_LITERAL_CONVERSION = YES;
				CLANG_WARN_OBJC_ROOT_CLASS = YES_ERROR;
				CLANG_WARN_RANGE_LOOP_ANALYSIS = YES;
				CLANG_WARN_STRICT_PROTOTYPES = YES;
				CLANG_WARN_SUSPICIOUS_MOVE = YES;
				CLANG_WARN_UNGUARDED_AVAILABILITY = YES_AGGRESSIVE;
				CLANG_WARN_UNREACHABLE_CODE = YES;
				CLANG_WARN__DUPLICATE_METHOD_MATCH = YES;
				COPY_PHASE_STRIP = NO;
				DEBUG_INFORMATION_FORMAT = dwarf;
				ENABLE_STRICT_OBJC_MSGSEND = YES;
				ENABLE_TESTABILITY = YES;
				GCC_C_LANGUAGE_STANDARD = gnu11;
				GCC_DYNAMIC_NO_PIC = NO;
				GCC_NO_COMMON_BLOCKS = YES;
				GCC_OPTIMIZATION_LEVEL = 0;
				GCC_PREPROCESSOR_DEFINITIONS = (
					"DEBUG=1",
					"$(inherited)",
				);
				GCC_WARN_64_TO_32_BIT_CONVERSION = YES;
				GCC_WARN_ABOUT_RETURN_TYPE = YES_ERROR;
				GCC_WARN_UNDECLARED_SELECTOR = YES;
				GCC_WARN_UNINITIALIZED_AUTOS = YES_AGGRESSIVE;
				GCC_WARN_UNUSED_FUNCTION = YES;
				GCC_WARN_UNUSED_VARIABLE = YES;
				IPHONEOS_DEPLOYMENT_TARGET = 13.6;
				MTL_ENABLE_DEBUG_INFO = INCLUDE_SOURCE;
				MTL_FAST_MATH = YES;
				ONLY_ACTIVE_ARCH = YES;
				SDKROOT = iphoneos;
				SWIFT_ACTIVE_COMPILATION_CONDITIONS = DEBUG;
				SWIFT_OPTIMIZATION_LEVEL = "-Onone";
			};
			name = Debug;
		};
		EFD4D662255B48500047706D /* Release */ = {
			isa = XCBuildConfiguration;
			buildSettings = {
				ALWAYS_SEARCH_USER_PATHS = NO;
				CLANG_ANALYZER_NONNULL = YES;
				CLANG_ANALYZER_NUMBER_OBJECT_CONVERSION = YES_AGGRESSIVE;
				CLANG_CXX_LANGUAGE_STANDARD = "gnu++14";
				CLANG_CXX_LIBRARY = "libc++";
				CLANG_ENABLE_MODULES = YES;
				CLANG_ENABLE_OBJC_ARC = YES;
				CLANG_ENABLE_OBJC_WEAK = YES;
				CLANG_WARN_BLOCK_CAPTURE_AUTORELEASING = YES;
				CLANG_WARN_BOOL_CONVERSION = YES;
				CLANG_WARN_COMMA = YES;
				CLANG_WARN_CONSTANT_CONVERSION = YES;
				CLANG_WARN_DEPRECATED_OBJC_IMPLEMENTATIONS = YES;
				CLANG_WARN_DIRECT_OBJC_ISA_USAGE = YES_ERROR;
				CLANG_WARN_DOCUMENTATION_COMMENTS = YES;
				CLANG_WARN_EMPTY_BODY = YES;
				CLANG_WARN_ENUM_CONVERSION = YES;
				CLANG_WARN_INFINITE_RECURSION = YES;
				CLANG_WARN_INT_CONVERSION = YES;
				CLANG_WARN_NON_LITERAL_NULL_CONVERSION = YES;
				CLANG_WARN_OBJC_IMPLICIT_RETAIN_SELF = YES;
				CLANG_WARN_OBJC_LITERAL_CONVERSION = YES;
				CLANG_WARN_OBJC_ROOT_CLASS = YES_ERROR;
				CLANG_WARN_RANGE_LOOP_ANALYSIS = YES;
				CLANG_WARN_STRICT_PROTOTYPES = YES;
				CLANG_WARN_SUSPICIOUS_MOVE = YES;
				CLANG_WARN_UNGUARDED_AVAILABILITY = YES_AGGRESSIVE;
				CLANG_WARN_UNREACHABLE_CODE = YES;
				CLANG_WARN__DUPLICATE_METHOD_MATCH = YES;
				COPY_PHASE_STRIP = NO;
				DEBUG_INFORMATION_FORMAT = "dwarf-with-dsym";
				ENABLE_NS_ASSERTIONS = NO;
				ENABLE_STRICT_OBJC_MSGSEND = YES;
				GCC_C_LANGUAGE_STANDARD = gnu11;
				GCC_NO_COMMON_BLOCKS = YES;
				GCC_WARN_64_TO_32_BIT_CONVERSION = YES;
				GCC_WARN_ABOUT_RETURN_TYPE = YES_ERROR;
				GCC_WARN_UNDECLARED_SELECTOR = YES;
				GCC_WARN_UNINITIALIZED_AUTOS = YES_AGGRESSIVE;
				GCC_WARN_UNUSED_FUNCTION = YES;
				GCC_WARN_UNUSED_VARIABLE = YES;
				IPHONEOS_DEPLOYMENT_TARGET = 13.6;
				MTL_ENABLE_DEBUG_INFO = NO;
				MTL_FAST_MATH = YES;
				SDKROOT = iphoneos;
				SWIFT_COMPILATION_MODE = wholemodule;
				SWIFT_OPTIMIZATION_LEVEL = "-O";
				VALIDATE_PRODUCT = YES;
			};
			name = Release;
		};
		EFD4D664255B48500047706D /* Debug */ = {
			isa = XCBuildConfiguration;
			baseConfigurationReference = 6A90EDD95455198690A56CD8 /* Pods-Parstagram.debug.xcconfig */;
			buildSettings = {
				ASSETCATALOG_COMPILER_APPICON_NAME = AppIcon;
				CODE_SIGN_STYLE = Automatic;
				INFOPLIST_FILE = Parstagram/Info.plist;
				LD_RUNPATH_SEARCH_PATHS = (
					"$(inherited)",
					"@executable_path/Frameworks",
				);
				PRODUCT_BUNDLE_IDENTIFIER = "Akhil-Murthy.Parstagram";
				PRODUCT_NAME = "$(TARGET_NAME)";
				SWIFT_VERSION = 5.0;
				TARGETED_DEVICE_FAMILY = "1,2";
			};
			name = Debug;
		};
		EFD4D665255B48500047706D /* Release */ = {
			isa = XCBuildConfiguration;
			baseConfigurationReference = A8AAC86147D625F4FE83ED66 /* Pods-Parstagram.release.xcconfig */;
			buildSettings = {
				ASSETCATALOG_COMPILER_APPICON_NAME = AppIcon;
				CODE_SIGN_STYLE = Automatic;
				INFOPLIST_FILE = Parstagram/Info.plist;
				LD_RUNPATH_SEARCH_PATHS = (
					"$(inherited)",
					"@executable_path/Frameworks",
				);
				PRODUCT_BUNDLE_IDENTIFIER = "Akhil-Murthy.Parstagram";
				PRODUCT_NAME = "$(TARGET_NAME)";
				SWIFT_VERSION = 5.0;
				TARGETED_DEVICE_FAMILY = "1,2";
			};
			name = Release;
		};
		EFD4D667255B48500047706D /* Debug */ = {
			isa = XCBuildConfiguration;
			baseConfigurationReference = 1F609EE814136C43D6552B3C /* Pods-ParstagramTests.debug.xcconfig */;
			buildSettings = {
				ALWAYS_EMBED_SWIFT_STANDARD_LIBRARIES = YES;
				BUNDLE_LOADER = "$(TEST_HOST)";
				CODE_SIGN_STYLE = Automatic;
				INFOPLIST_FILE = ParstagramTests/Info.plist;
				IPHONEOS_DEPLOYMENT_TARGET = 13.6;
				LD_RUNPATH_SEARCH_PATHS = (
					"$(inherited)",
					"@executable_path/Frameworks",
					"@loader_path/Frameworks",
				);
				PRODUCT_BUNDLE_IDENTIFIER = "Akhil-Murthy.ParstagramTests";
				PRODUCT_NAME = "$(TARGET_NAME)";
				SWIFT_VERSION = 5.0;
				TARGETED_DEVICE_FAMILY = "1,2";
				TEST_HOST = "$(BUILT_PRODUCTS_DIR)/Parstagram.app/Parstagram";
			};
			name = Debug;
		};
		EFD4D668255B48500047706D /* Release */ = {
			isa = XCBuildConfiguration;
			baseConfigurationReference = 36281E54BC8ECC79227CBFE5 /* Pods-ParstagramTests.release.xcconfig */;
			buildSettings = {
				ALWAYS_EMBED_SWIFT_STANDARD_LIBRARIES = YES;
				BUNDLE_LOADER = "$(TEST_HOST)";
				CODE_SIGN_STYLE = Automatic;
				INFOPLIST_FILE = ParstagramTests/Info.plist;
				IPHONEOS_DEPLOYMENT_TARGET = 13.6;
				LD_RUNPATH_SEARCH_PATHS = (
					"$(inherited)",
					"@executable_path/Frameworks",
					"@loader_path/Frameworks",
				);
				PRODUCT_BUNDLE_IDENTIFIER = "Akhil-Murthy.ParstagramTests";
				PRODUCT_NAME = "$(TARGET_NAME)";
				SWIFT_VERSION = 5.0;
				TARGETED_DEVICE_FAMILY = "1,2";
				TEST_HOST = "$(BUILT_PRODUCTS_DIR)/Parstagram.app/Parstagram";
			};
			name = Release;
		};
		EFD4D66A255B48500047706D /* Debug */ = {
			isa = XCBuildConfiguration;
			baseConfigurationReference = F1B8CFDF83863D9941582DF2 /* Pods-Parstagram-ParstagramUITests.debug.xcconfig */;
			buildSettings = {
				ALWAYS_EMBED_SWIFT_STANDARD_LIBRARIES = YES;
				CODE_SIGN_STYLE = Automatic;
				INFOPLIST_FILE = ParstagramUITests/Info.plist;
				LD_RUNPATH_SEARCH_PATHS = (
					"$(inherited)",
					"@executable_path/Frameworks",
					"@loader_path/Frameworks",
				);
				PRODUCT_BUNDLE_IDENTIFIER = "Akhil-Murthy.ParstagramUITests";
				PRODUCT_NAME = "$(TARGET_NAME)";
				SWIFT_VERSION = 5.0;
				TARGETED_DEVICE_FAMILY = "1,2";
				TEST_TARGET_NAME = Parstagram;
			};
			name = Debug;
		};
		EFD4D66B255B48500047706D /* Release */ = {
			isa = XCBuildConfiguration;
			baseConfigurationReference = 38C109831BF1FA351F1C8D53 /* Pods-Parstagram-ParstagramUITests.release.xcconfig */;
			buildSettings = {
				ALWAYS_EMBED_SWIFT_STANDARD_LIBRARIES = YES;
				CODE_SIGN_STYLE = Automatic;
				INFOPLIST_FILE = ParstagramUITests/Info.plist;
				LD_RUNPATH_SEARCH_PATHS = (
					"$(inherited)",
					"@executable_path/Frameworks",
					"@loader_path/Frameworks",
				);
				PRODUCT_BUNDLE_IDENTIFIER = "Akhil-Murthy.ParstagramUITests";
				PRODUCT_NAME = "$(TARGET_NAME)";
				SWIFT_VERSION = 5.0;
				TARGETED_DEVICE_FAMILY = "1,2";
				TEST_TARGET_NAME = Parstagram;
			};
			name = Release;
		};
/* End XCBuildConfiguration section */

/* Begin XCConfigurationList section */
		EFD4D634255B484D0047706D /* Build configuration list for PBXProject "Parstagram" */ = {
			isa = XCConfigurationList;
			buildConfigurations = (
				EFD4D661255B48500047706D /* Debug */,
				EFD4D662255B48500047706D /* Release */,
			);
			defaultConfigurationIsVisible = 0;
			defaultConfigurationName = Release;
		};
		EFD4D663255B48500047706D /* Build configuration list for PBXNativeTarget "Parstagram" */ = {
			isa = XCConfigurationList;
			buildConfigurations = (
				EFD4D664255B48500047706D /* Debug */,
				EFD4D665255B48500047706D /* Release */,
			);
			defaultConfigurationIsVisible = 0;
			defaultConfigurationName = Release;
		};
		EFD4D666255B48500047706D /* Build configuration list for PBXNativeTarget "ParstagramTests" */ = {
			isa = XCConfigurationList;
			buildConfigurations = (
				EFD4D667255B48500047706D /* Debug */,
				EFD4D668255B48500047706D /* Release */,
			);
			defaultConfigurationIsVisible = 0;
			defaultConfigurationName = Release;
		};
		EFD4D669255B48500047706D /* Build configuration list for PBXNativeTarget "ParstagramUITests" */ = {
			isa = XCConfigurationList;
			buildConfigurations = (
				EFD4D66A255B48500047706D /* Debug */,
				EFD4D66B255B48500047706D /* Release */,
			);
			defaultConfigurationIsVisible = 0;
			defaultConfigurationName = Release;
		};
/* End XCConfigurationList section */
	};
	rootObject = EFD4D631255B484D0047706D /* Project object */;
}
